
Microsoft Visual Studio Solution File, Format Version 12.00
# Visual Studio 2012
Project("{FAE04EC0-301F-11D3-BF4B-00C04F79EFBC}") = "Xypex_DodgeImportConsoleApp", "Xypex_DodgeImportConsoleApp\Xypex_DodgeImportConsoleApp.csproj", "{749E0458-70B8-4DAA-B04B-869DE5156BDC}"
EndProject
Project("{FAE04EC0-301F-11D3-BF4B-00C04F79EFBC}") = "DodgeImportLoader", "DodgeImportLoader\DodgeImportLoader.csproj", "{07FF8DDD-3C6B-4315-B397-139CC05CC23F}"
EndProject
Project("{FAE04EC0-301F-11D3-BF4B-00C04F79EFBC}") = "DodgeImportUnitTest", "DodgeImportUnitTest\DodgeImportUnitTest.csproj", "{C577F46A-D169-45AA-8075-BC2F2B182362}"
EndProject
Project("{FAE04EC0-301F-11D3-BF4B-00C04F79EFBC}") = "DodgeXMLParser", "DodgeXMLParser\DodgeXMLParser.csproj", "{570D1D99-BF0C-41BB-9B19-F051141B4A2E}"
EndProject
Project("{FAE04EC0-301F-11D3-BF4B-00C04F79EFBC}") = "DodgeXMLParserImportTest", "DodgeXMLParserImport\DodgeXMLParserImportTest.csproj", "{6D8C965C-E321-4581-8AD1-3F84FD9C656F}"
EndProject
Project("{FAE04EC0-301F-11D3-BF4B-00C04F79EFBC}") = "DodgeXMLParserUnitTest", "DodgeXMLParserUnitTest\DodgeXMLParserUnitTest.csproj", "{5878089C-B8CA-4478-805C-5F59CBA8DD67}"
EndProject
Global
	GlobalSection(SolutionConfigurationPlatforms) = preSolution
		Debug|Any CPU = Debug|Any CPU
		Release|Any CPU = Release|Any CPU
	EndGlobalSection
	GlobalSection(ProjectConfigurationPlatforms) = postSolution
		{749E0458-70B8-4DAA-B04B-869DE5156BDC}.Debug|Any CPU.ActiveCfg = Debug|Any CPU
		{749E0458-70B8-4DAA-B04B-869DE5156BDC}.Debug|Any CPU.Build.0 = Debug|Any CPU
		{749E0458-70B8-4DAA-B04B-869DE5156BDC}.Release|Any CPU.ActiveCfg = Release|Any CPU
		{749E0458-70B8-4DAA-B04B-869DE5156BDC}.Release|Any CPU.Build.0 = Release|Any CPU
		{07FF8DDD-3C6B-4315-B397-139CC05CC23F}.Debug|Any CPU.ActiveCfg = Debug|Any CPU
		{07FF8DDD-3C6B-4315-B397-139CC05CC23F}.Debug|Any CPU.Build.0 = Debug|Any CPU
		{07FF8DDD-3C6B-4315-B397-139CC05CC23F}.Release|Any CPU.ActiveCfg = Release|Any CPU
		{07FF8DDD-3C6B-4315-B397-139CC05CC23F}.Release|Any CPU.Build.0 = Release|Any CPU
		{C577F46A-D169-45AA-8075-BC2F2B182362}.Debug|Any CPU.ActiveCfg = Debug|Any CPU
		{C577F46A-D169-45AA-8075-BC2F2B182362}.Debug|Any CPU.Build.0 = Debug|Any CPU
		{C577F46A-D169-45AA-8075-BC2F2B182362}.Release|Any CPU.ActiveCfg = Release|Any CPU
		{C577F46A-D169-45AA-8075-BC2F2B182362}.Release|Any CPU.Build.0 = Release|Any CPU
		{570D1D99-BF0C-41BB-9B19-F051141B4A2E}.Debug|Any CPU.ActiveCfg = Debug|Any CPU
		{570D1D99-BF0C-41BB-9B19-F051141B4A2E}.Debug|Any CPU.Build.0 = Debug|Any CPU
		{570D1D99-BF0C-41BB-9B19-F051141B4A2E}.Release|Any CPU.ActiveCfg = Release|Any CPU
		{570D1D99-BF0C-41BB-9B19-F051141B4A2E}.Release|Any CPU.Build.0 = Release|Any CPU
		{6D8C965C-E321-4581-8AD1-3F84FD9C656F}.Debug|Any CPU.ActiveCfg = Debug|Any CPU
		{6D8C965C-E321-4581-8AD1-3F84FD9C656F}.Debug|Any CPU.Build.0 = Debug|Any CPU
		{6D8C965C-E321-4581-8AD1-3F84FD9C656F}.Release|Any CPU.ActiveCfg = Release|Any CPU
		{6D8C965C-E321-4581-8AD1-3F84FD9C656F}.Release|Any CPU.Build.0 = Release|Any CPU
		{5878089C-B8CA-4478-805C-5F59CBA8DD67}.Debug|Any CPU.ActiveCfg = Debug|Any CPU
		{5878089C-B8CA-4478-805C-5F59CBA8DD67}.Debug|Any CPU.Build.0 = Debug|Any CPU
		{5878089C-B8CA-4478-805C-5F59CBA8DD67}.Release|Any CPU.ActiveCfg = Release|Any CPU
		{5878089C-B8CA-4478-805C-5F59CBA8DD67}.Release|Any CPU.Build.0 = Release|Any CPU
	EndGlobalSection
	GlobalSection(SolutionProperties) = preSolution
		HideSolutionNode = FALSE
	EndGlobalSection
EndGlobal
